
Microsoft Visual Studio Solution File, Format Version 12.00
# Visual Studio 15
VisualStudioVersion = 15.0.27004.2009
MinimumVisualStudioVersion = 10.0.40219.1
Project("{FAE04EC0-301F-11D3-BF4B-00C04F79EFBC}") = "SolidPrinciples", "SolidPrinciples\SolidPrinciples.csproj", "{950C4607-2F4D-499B-89C0-A3AA7142A313}"
EndProject
Project("{FAE04EC0-301F-11D3-BF4B-00C04F79EFBC}") = "BuilderPattern", "BuilderPattern\BuilderPattern.csproj", "{626AA48E-8782-461B-9B3C-4A7AAC8C7C60}"
EndProject
Project("{FAE04EC0-301F-11D3-BF4B-00C04F79EFBC}") = "FactoryPattern", "CreationalFactoryPattern\FactoryPattern.csproj", "{A6C9162B-9D0B-489E-B2EF-F50A9429BB3A}"
EndProject
Project("{FAE04EC0-301F-11D3-BF4B-00C04F79EFBC}") = "PrototypePattern", "CreationalPrototypePattern\PrototypePattern.csproj", "{6613F26A-67BA-4A02-B131-6E8DD0660ADD}"
EndProject
Project("{2150E333-8FDC-42A3-9474-1A3956D46DE8}") = "Creational", "Creational", "{E3E41F25-9377-4FCE-BDA3-6DDAEB3480D3}"
	ProjectSection(SolutionItems) = preProject
		Readme.txt = Readme.txt
	EndProjectSection
EndProject
Project("{FAE04EC0-301F-11D3-BF4B-00C04F79EFBC}") = "SingletonPattern", "SingletonPattern\SingletonPattern.csproj", "{622CD00F-C1B4-4DAF-8D92-7E14771B0950}"
EndProject
Project("{2150E333-8FDC-42A3-9474-1A3956D46DE8}") = "Structural", "Structural", "{65905D7B-4494-4AAA-B65B-B8777193CA7B}"
EndProject
Project("{FAE04EC0-301F-11D3-BF4B-00C04F79EFBC}") = "AdapterPattern", "AdapterPattern\AdapterPattern.csproj", "{439763F2-4D0A-4E8B-A595-BC6F82EFEF30}"
EndProject
Project("{FAE04EC0-301F-11D3-BF4B-00C04F79EFBC}") = "BridgePattern", "BridgePattern\BridgePattern.csproj", "{920C4390-0142-454B-BE67-A683981351E4}"
EndProject
Project("{FAE04EC0-301F-11D3-BF4B-00C04F79EFBC}") = "CompositePattern", "CompositePattern\CompositePattern.csproj", "{3F2E1634-D49D-4BDD-89BD-572FDF544FA9}"
EndProject
Project("{FAE04EC0-301F-11D3-BF4B-00C04F79EFBC}") = "DecoratorPattern", "DecoratorPattern\DecoratorPattern.csproj", "{4B0E154B-B223-4765-8512-EC34256DA36E}"
EndProject
Project("{FAE04EC0-301F-11D3-BF4B-00C04F79EFBC}") = "FacadePattern", "FacadePattern\FacadePattern.csproj", "{0FE0DFA4-1E15-4A54-98C8-6FDF04B3DCBA}"
EndProject
Project("{FAE04EC0-301F-11D3-BF4B-00C04F79EFBC}") = "FlyweightPattern", "FlyweightPattern\FlyweightPattern.csproj", "{76DCB33D-A48B-48B5-ACFA-74C7861F9859}"
EndProject
Project("{FAE04EC0-301F-11D3-BF4B-00C04F79EFBC}") = "ProxyPattern", "ProxyPattern\ProxyPattern.csproj", "{EC0C8721-3D15-46DC-8A9F-CE1638679145}"
EndProject
Project("{FAE04EC0-301F-11D3-BF4B-00C04F79EFBC}") = "ChainOfResponsibilityPattern", "ChainOfResponsibilityPattern\ChainOfResponsibilityPattern.csproj", "{8CB6D5C9-E77E-49F2-A107-9820A3D0A37F}"
EndProject
Project("{2150E333-8FDC-42A3-9474-1A3956D46DE8}") = "Behavioral", "Behavioral", "{9F7D88F2-C355-40D3-A60D-0EA6FE27A8A0}"
EndProject
Project("{FAE04EC0-301F-11D3-BF4B-00C04F79EFBC}") = "CommandPattern", "CommandPattern\CommandPattern.csproj", "{B9119A29-FF45-4F5E-9018-8D175353951E}"
EndProject
Project("{FAE04EC0-301F-11D3-BF4B-00C04F79EFBC}") = "InterpreterPattern", "InterpreterPattern\InterpreterPattern.csproj", "{B6BD27BD-41DD-4B76-B7FB-20CCE0B1A70D}"
EndProject
Project("{FAE04EC0-301F-11D3-BF4B-00C04F79EFBC}") = "IteratorPattern", "IteratorPattern\IteratorPattern.csproj", "{4774B9D2-BBF7-4AAC-A165-DB75A2EB5CE5}"
EndProject
Project("{FAE04EC0-301F-11D3-BF4B-00C04F79EFBC}") = "MediatorPattern", "MediatorPattern\MediatorPattern.csproj", "{02EA34CD-1745-4F64-BBF3-23BBD538ED6A}"
EndProject
Project("{FAE04EC0-301F-11D3-BF4B-00C04F79EFBC}") = "MementoPattern", "MementoPattern\MementoPattern.csproj", "{CA31ECE2-02F9-4602-9BE0-7FD743B50996}"
EndProject
Project("{FAE04EC0-301F-11D3-BF4B-00C04F79EFBC}") = "NullObjectPattern", "NullObjectPattern\NullObjectPattern.csproj", "{296911C6-B169-4C98-A4A4-4B2B62BCE377}"
EndProject
Project("{FAE04EC0-301F-11D3-BF4B-00C04F79EFBC}") = "ObserverPattern", "ObserverPattern\ObserverPattern.csproj", "{654CA80B-BF15-4A83-B417-46800AE5F526}"
EndProject
Project("{FAE04EC0-301F-11D3-BF4B-00C04F79EFBC}") = "StatePattern", "StatePattern\StatePattern.csproj", "{9C57A7E7-28C7-4B3A-B4FC-00A8920756A6}"
EndProject
Project("{FAE04EC0-301F-11D3-BF4B-00C04F79EFBC}") = "StrategyPattern", "StrategyPattern\StrategyPattern.csproj", "{B5E35509-4FC3-4A3E-BDF5-A6B81AF37614}"
EndProject
Project("{FAE04EC0-301F-11D3-BF4B-00C04F79EFBC}") = "TemplateMethodPattern", "TemplateMethodPattern\TemplateMethodPattern.csproj", "{297479ED-3F22-46E5-8AEB-D88C2951E1E3}"
EndProject
Project("{FAE04EC0-301F-11D3-BF4B-00C04F79EFBC}") = "VisitorPattern", "VisitorPattern\VisitorPattern.csproj", "{C834F8D0-9649-436E-9659-DEF85478B3E0}"
EndProject
Global
	GlobalSection(SolutionConfigurationPlatforms) = preSolution
		Debug|Any CPU = Debug|Any CPU
		Release|Any CPU = Release|Any CPU
	EndGlobalSection
	GlobalSection(ProjectConfigurationPlatforms) = postSolution
		{950C4607-2F4D-499B-89C0-A3AA7142A313}.Debug|Any CPU.ActiveCfg = Debug|Any CPU
		{950C4607-2F4D-499B-89C0-A3AA7142A313}.Debug|Any CPU.Build.0 = Debug|Any CPU
		{950C4607-2F4D-499B-89C0-A3AA7142A313}.Release|Any CPU.ActiveCfg = Release|Any CPU
		{950C4607-2F4D-499B-89C0-A3AA7142A313}.Release|Any CPU.Build.0 = Release|Any CPU
		{626AA48E-8782-461B-9B3C-4A7AAC8C7C60}.Debug|Any CPU.ActiveCfg = Debug|Any CPU
		{626AA48E-8782-461B-9B3C-4A7AAC8C7C60}.Debug|Any CPU.Build.0 = Debug|Any CPU
		{626AA48E-8782-461B-9B3C-4A7AAC8C7C60}.Release|Any CPU.ActiveCfg = Release|Any CPU
		{626AA48E-8782-461B-9B3C-4A7AAC8C7C60}.Release|Any CPU.Build.0 = Release|Any CPU
		{A6C9162B-9D0B-489E-B2EF-F50A9429BB3A}.Debug|Any CPU.ActiveCfg = Debug|Any CPU
		{A6C9162B-9D0B-489E-B2EF-F50A9429BB3A}.Debug|Any CPU.Build.0 = Debug|Any CPU
		{A6C9162B-9D0B-489E-B2EF-F50A9429BB3A}.Release|Any CPU.ActiveCfg = Release|Any CPU
		{A6C9162B-9D0B-489E-B2EF-F50A9429BB3A}.Release|Any CPU.Build.0 = Release|Any CPU
		{6613F26A-67BA-4A02-B131-6E8DD0660ADD}.Debug|Any CPU.ActiveCfg = Debug|Any CPU
		{6613F26A-67BA-4A02-B131-6E8DD0660ADD}.Debug|Any CPU.Build.0 = Debug|Any CPU
		{6613F26A-67BA-4A02-B131-6E8DD0660ADD}.Release|Any CPU.ActiveCfg = Release|Any CPU
		{6613F26A-67BA-4A02-B131-6E8DD0660ADD}.Release|Any CPU.Build.0 = Release|Any CPU
		{622CD00F-C1B4-4DAF-8D92-7E14771B0950}.Debug|Any CPU.ActiveCfg = Debug|Any CPU
		{622CD00F-C1B4-4DAF-8D92-7E14771B0950}.Debug|Any CPU.Build.0 = Debug|Any CPU
		{622CD00F-C1B4-4DAF-8D92-7E14771B0950}.Release|Any CPU.ActiveCfg = Release|Any CPU
		{622CD00F-C1B4-4DAF-8D92-7E14771B0950}.Release|Any CPU.Build.0 = Release|Any CPU
		{439763F2-4D0A-4E8B-A595-BC6F82EFEF30}.Debug|Any CPU.ActiveCfg = Debug|Any CPU
		{439763F2-4D0A-4E8B-A595-BC6F82EFEF30}.Debug|Any CPU.Build.0 = Debug|Any CPU
		{439763F2-4D0A-4E8B-A595-BC6F82EFEF30}.Release|Any CPU.ActiveCfg = Release|Any CPU
		{439763F2-4D0A-4E8B-A595-BC6F82EFEF30}.Release|Any CPU.Build.0 = Release|Any CPU
		{920C4390-0142-454B-BE67-A683981351E4}.Debug|Any CPU.ActiveCfg = Debug|Any CPU
		{920C4390-0142-454B-BE67-A683981351E4}.Debug|Any CPU.Build.0 = Debug|Any CPU
		{920C4390-0142-454B-BE67-A683981351E4}.Release|Any CPU.ActiveCfg = Release|Any CPU
		{920C4390-0142-454B-BE67-A683981351E4}.Release|Any CPU.Build.0 = Release|Any CPU
		{3F2E1634-D49D-4BDD-89BD-572FDF544FA9}.Debug|Any CPU.ActiveCfg = Debug|Any CPU
		{3F2E1634-D49D-4BDD-89BD-572FDF544FA9}.Debug|Any CPU.Build.0 = Debug|Any CPU
		{3F2E1634-D49D-4BDD-89BD-572FDF544FA9}.Release|Any CPU.ActiveCfg = Release|Any CPU
		{3F2E1634-D49D-4BDD-89BD-572FDF544FA9}.Release|Any CPU.Build.0 = Release|Any CPU
		{4B0E154B-B223-4765-8512-EC34256DA36E}.Debug|Any CPU.ActiveCfg = Debug|Any CPU
		{4B0E154B-B223-4765-8512-EC34256DA36E}.Debug|Any CPU.Build.0 = Debug|Any CPU
		{4B0E154B-B223-4765-8512-EC34256DA36E}.Release|Any CPU.ActiveCfg = Release|Any CPU
		{4B0E154B-B223-4765-8512-EC34256DA36E}.Release|Any CPU.Build.0 = Release|Any CPU
		{0FE0DFA4-1E15-4A54-98C8-6FDF04B3DCBA}.Debug|Any CPU.ActiveCfg = Debug|Any CPU
		{0FE0DFA4-1E15-4A54-98C8-6FDF04B3DCBA}.Debug|Any CPU.Build.0 = Debug|Any CPU
		{0FE0DFA4-1E15-4A54-98C8-6FDF04B3DCBA}.Release|Any CPU.ActiveCfg = Release|Any CPU
		{0FE0DFA4-1E15-4A54-98C8-6FDF04B3DCBA}.Release|Any CPU.Build.0 = Release|Any CPU
		{76DCB33D-A48B-48B5-ACFA-74C7861F9859}.Debug|Any CPU.ActiveCfg = Debug|Any CPU
		{76DCB33D-A48B-48B5-ACFA-74C7861F9859}.Debug|Any CPU.Build.0 = Debug|Any CPU
		{76DCB33D-A48B-48B5-ACFA-74C7861F9859}.Release|Any CPU.ActiveCfg = Release|Any CPU
		{76DCB33D-A48B-48B5-ACFA-74C7861F9859}.Release|Any CPU.Build.0 = Release|Any CPU
		{EC0C8721-3D15-46DC-8A9F-CE1638679145}.Debug|Any CPU.ActiveCfg = Debug|Any CPU
		{EC0C8721-3D15-46DC-8A9F-CE1638679145}.Debug|Any CPU.Build.0 = Debug|Any CPU
		{EC0C8721-3D15-46DC-8A9F-CE1638679145}.Release|Any CPU.ActiveCfg = Release|Any CPU
		{EC0C8721-3D15-46DC-8A9F-CE1638679145}.Release|Any CPU.Build.0 = Release|Any CPU
		{8CB6D5C9-E77E-49F2-A107-9820A3D0A37F}.Debug|Any CPU.ActiveCfg = Debug|Any CPU
		{8CB6D5C9-E77E-49F2-A107-9820A3D0A37F}.Debug|Any CPU.Build.0 = Debug|Any CPU
		{8CB6D5C9-E77E-49F2-A107-9820A3D0A37F}.Release|Any CPU.ActiveCfg = Release|Any CPU
		{8CB6D5C9-E77E-49F2-A107-9820A3D0A37F}.Release|Any CPU.Build.0 = Release|Any CPU
		{B9119A29-FF45-4F5E-9018-8D175353951E}.Debug|Any CPU.ActiveCfg = Debug|Any CPU
		{B9119A29-FF45-4F5E-9018-8D175353951E}.Debug|Any CPU.Build.0 = Debug|Any CPU
		{B9119A29-FF45-4F5E-9018-8D175353951E}.Release|Any CPU.ActiveCfg = Release|Any CPU
		{B9119A29-FF45-4F5E-9018-8D175353951E}.Release|Any CPU.Build.0 = Release|Any CPU
		{B6BD27BD-41DD-4B76-B7FB-20CCE0B1A70D}.Debug|Any CPU.ActiveCfg = Debug|Any CPU
		{B6BD27BD-41DD-4B76-B7FB-20CCE0B1A70D}.Debug|Any CPU.Build.0 = Debug|Any CPU
		{B6BD27BD-41DD-4B76-B7FB-20CCE0B1A70D}.Release|Any CPU.ActiveCfg = Release|Any CPU
		{B6BD27BD-41DD-4B76-B7FB-20CCE0B1A70D}.Release|Any CPU.Build.0 = Release|Any CPU
		{4774B9D2-BBF7-4AAC-A165-DB75A2EB5CE5}.Debug|Any CPU.ActiveCfg = Debug|Any CPU
		{4774B9D2-BBF7-4AAC-A165-DB75A2EB5CE5}.Debug|Any CPU.Build.0 = Debug|Any CPU
		{4774B9D2-BBF7-4AAC-A165-DB75A2EB5CE5}.Release|Any CPU.ActiveCfg = Release|Any CPU
		{4774B9D2-BBF7-4AAC-A165-DB75A2EB5CE5}.Release|Any CPU.Build.0 = Release|Any CPU
		{02EA34CD-1745-4F64-BBF3-23BBD538ED6A}.Debug|Any CPU.ActiveCfg = Debug|Any CPU
		{02EA34CD-1745-4F64-BBF3-23BBD538ED6A}.Debug|Any CPU.Build.0 = Debug|Any CPU
		{02EA34CD-1745-4F64-BBF3-23BBD538ED6A}.Release|Any CPU.ActiveCfg = Release|Any CPU
		{02EA34CD-1745-4F64-BBF3-23BBD538ED6A}.Release|Any CPU.Build.0 = Release|Any CPU
		{CA31ECE2-02F9-4602-9BE0-7FD743B50996}.Debug|Any CPU.ActiveCfg = Debug|Any CPU
		{CA31ECE2-02F9-4602-9BE0-7FD743B50996}.Debug|Any CPU.Build.0 = Debug|Any CPU
		{CA31ECE2-02F9-4602-9BE0-7FD743B50996}.Release|Any CPU.ActiveCfg = Release|Any CPU
		{CA31ECE2-02F9-4602-9BE0-7FD743B50996}.Release|Any CPU.Build.0 = Release|Any CPU
		{296911C6-B169-4C98-A4A4-4B2B62BCE377}.Debug|Any CPU.ActiveCfg = Debug|Any CPU
		{296911C6-B169-4C98-A4A4-4B2B62BCE377}.Debug|Any CPU.Build.0 = Debug|Any CPU
		{296911C6-B169-4C98-A4A4-4B2B62BCE377}.Release|Any CPU.ActiveCfg = Release|Any CPU
		{296911C6-B169-4C98-A4A4-4B2B62BCE377}.Release|Any CPU.Build.0 = Release|Any CPU
		{654CA80B-BF15-4A83-B417-46800AE5F526}.Debug|Any CPU.ActiveCfg = Debug|Any CPU
		{654CA80B-BF15-4A83-B417-46800AE5F526}.Debug|Any CPU.Build.0 = Debug|Any CPU
		{654CA80B-BF15-4A83-B417-46800AE5F526}.Release|Any CPU.ActiveCfg = Release|Any CPU
		{654CA80B-BF15-4A83-B417-46800AE5F526}.Release|Any CPU.Build.0 = Release|Any CPU
		{9C57A7E7-28C7-4B3A-B4FC-00A8920756A6}.Debug|Any CPU.ActiveCfg = Debug|Any CPU
		{9C57A7E7-28C7-4B3A-B4FC-00A8920756A6}.Debug|Any CPU.Build.0 = Debug|Any CPU
		{9C57A7E7-28C7-4B3A-B4FC-00A8920756A6}.Release|Any CPU.ActiveCfg = Release|Any CPU
		{9C57A7E7-28C7-4B3A-B4FC-00A8920756A6}.Release|Any CPU.Build.0 = Release|Any CPU
		{B5E35509-4FC3-4A3E-BDF5-A6B81AF37614}.Debug|Any CPU.ActiveCfg = Debug|Any CPU
		{B5E35509-4FC3-4A3E-BDF5-A6B81AF37614}.Debug|Any CPU.Build.0 = Debug|Any CPU
		{B5E35509-4FC3-4A3E-BDF5-A6B81AF37614}.Release|Any CPU.ActiveCfg = Release|Any CPU
		{B5E35509-4FC3-4A3E-BDF5-A6B81AF37614}.Release|Any CPU.Build.0 = Release|Any CPU
		{297479ED-3F22-46E5-8AEB-D88C2951E1E3}.Debug|Any CPU.ActiveCfg = Debug|Any CPU
		{297479ED-3F22-46E5-8AEB-D88C2951E1E3}.Debug|Any CPU.Build.0 = Debug|Any CPU
		{297479ED-3F22-46E5-8AEB-D88C2951E1E3}.Release|Any CPU.ActiveCfg = Release|Any CPU
		{297479ED-3F22-46E5-8AEB-D88C2951E1E3}.Release|Any CPU.Build.0 = Release|Any CPU
		{C834F8D0-9649-436E-9659-DEF85478B3E0}.Debug|Any CPU.ActiveCfg = Debug|Any CPU
		{C834F8D0-9649-436E-9659-DEF85478B3E0}.Debug|Any CPU.Build.0 = Debug|Any CPU
		{C834F8D0-9649-436E-9659-DEF85478B3E0}.Release|Any CPU.ActiveCfg = Release|Any CPU
		{C834F8D0-9649-436E-9659-DEF85478B3E0}.Release|Any CPU.Build.0 = Release|Any CPU
	EndGlobalSection
	GlobalSection(SolutionProperties) = preSolution
		HideSolutionNode = FALSE
	EndGlobalSection
	GlobalSection(NestedProjects) = preSolution
		{626AA48E-8782-461B-9B3C-4A7AAC8C7C60} = {E3E41F25-9377-4FCE-BDA3-6DDAEB3480D3}
		{A6C9162B-9D0B-489E-B2EF-F50A9429BB3A} = {E3E41F25-9377-4FCE-BDA3-6DDAEB3480D3}
		{6613F26A-67BA-4A02-B131-6E8DD0660ADD} = {E3E41F25-9377-4FCE-BDA3-6DDAEB3480D3}
		{622CD00F-C1B4-4DAF-8D92-7E14771B0950} = {E3E41F25-9377-4FCE-BDA3-6DDAEB3480D3}
		{439763F2-4D0A-4E8B-A595-BC6F82EFEF30} = {65905D7B-4494-4AAA-B65B-B8777193CA7B}
		{920C4390-0142-454B-BE67-A683981351E4} = {65905D7B-4494-4AAA-B65B-B8777193CA7B}
		{3F2E1634-D49D-4BDD-89BD-572FDF544FA9} = {65905D7B-4494-4AAA-B65B-B8777193CA7B}
		{4B0E154B-B223-4765-8512-EC34256DA36E} = {65905D7B-4494-4AAA-B65B-B8777193CA7B}
		{0FE0DFA4-1E15-4A54-98C8-6FDF04B3DCBA} = {65905D7B-4494-4AAA-B65B-B8777193CA7B}
		{76DCB33D-A48B-48B5-ACFA-74C7861F9859} = {65905D7B-4494-4AAA-B65B-B8777193CA7B}
		{EC0C8721-3D15-46DC-8A9F-CE1638679145} = {65905D7B-4494-4AAA-B65B-B8777193CA7B}
		{8CB6D5C9-E77E-49F2-A107-9820A3D0A37F} = {9F7D88F2-C355-40D3-A60D-0EA6FE27A8A0}
		{B9119A29-FF45-4F5E-9018-8D175353951E} = {9F7D88F2-C355-40D3-A60D-0EA6FE27A8A0}
		{B6BD27BD-41DD-4B76-B7FB-20CCE0B1A70D} = {9F7D88F2-C355-40D3-A60D-0EA6FE27A8A0}
		{4774B9D2-BBF7-4AAC-A165-DB75A2EB5CE5} = {9F7D88F2-C355-40D3-A60D-0EA6FE27A8A0}
		{02EA34CD-1745-4F64-BBF3-23BBD538ED6A} = {9F7D88F2-C355-40D3-A60D-0EA6FE27A8A0}
		{CA31ECE2-02F9-4602-9BE0-7FD743B50996} = {9F7D88F2-C355-40D3-A60D-0EA6FE27A8A0}
		{296911C6-B169-4C98-A4A4-4B2B62BCE377} = {9F7D88F2-C355-40D3-A60D-0EA6FE27A8A0}
		{654CA80B-BF15-4A83-B417-46800AE5F526} = {9F7D88F2-C355-40D3-A60D-0EA6FE27A8A0}
		{9C57A7E7-28C7-4B3A-B4FC-00A8920756A6} = {9F7D88F2-C355-40D3-A60D-0EA6FE27A8A0}
		{B5E35509-4FC3-4A3E-BDF5-A6B81AF37614} = {9F7D88F2-C355-40D3-A60D-0EA6FE27A8A0}
		{297479ED-3F22-46E5-8AEB-D88C2951E1E3} = {9F7D88F2-C355-40D3-A60D-0EA6FE27A8A0}
		{C834F8D0-9649-436E-9659-DEF85478B3E0} = {65905D7B-4494-4AAA-B65B-B8777193CA7B}
	EndGlobalSection
	GlobalSection(ExtensibilityGlobals) = postSolution
		SolutionGuid = {892B7207-3940-4960-B8A8-C8A1681139E1}
	EndGlobalSection
EndGlobal
